
Microsoft Visual Studio Solution File, Format Version 12.00
# Visual Studio 2012
Project("{FAE04EC0-301F-11D3-BF4B-00C04F79EFBC}") = "dereddingsarknl", "dereddingsarknl\dereddingsarknl.csproj", "{80BF0C11-3FCA-4D12-86BD-AD428879C7B0}"
EndProject
Project("{2150E333-8FDC-42A3-9474-1A3956D46DE8}") = "Files", "Files", "{C0638964-E0C8-4D0B-A500-02F66FE26CAA}"
	ProjectSection(SolutionItems) = preProject
		README.md = README.md
	EndProjectSection
EndProject
Global
	GlobalSection(SolutionConfigurationPlatforms) = preSolution
		Debug|Any CPU = Debug|Any CPU
		Release|Any CPU = Release|Any CPU
	EndGlobalSection
	GlobalSection(ProjectConfigurationPlatforms) = postSolution
		{80BF0C11-3FCA-4D12-86BD-AD428879C7B0}.Debug|Any CPU.ActiveCfg = Debug|Any CPU
		{80BF0C11-3FCA-4D12-86BD-AD428879C7B0}.Debug|Any CPU.Build.0 = Debug|Any CPU
		{80BF0C11-3FCA-4D12-86BD-AD428879C7B0}.Release|Any CPU.ActiveCfg = Release|Any CPU
		{80BF0C11-3FCA-4D12-86BD-AD428879C7B0}.Release|Any CPU.Build.0 = Release|Any CPU
	EndGlobalSection
	GlobalSection(SolutionProperties) = preSolution
		HideSolutionNode = FALSE
	EndGlobalSection
EndGlobal
